
Microsoft Visual Studio Solution File, Format Version 12.00
# Visual Studio Version 17
VisualStudioVersion = 17.3.32929.385
MinimumVisualStudioVersion = 10.0.40219.1
Project("{9A19103F-16F7-4668-BE54-9A1E7A4F7556}") = "OHCE", "OHCE\OHCE.csproj", "{3E408D9D-0703-4A3D-A837-19CE7CBE1AC6}"
EndProject
Project("{FAE04EC0-301F-11D3-BF4B-00C04F79EFBC}") = "OHCETest", "OHCETest\OHCETest.csproj", "{66A6CB5A-54FD-468D-ACD8-1480BC9952E8}"
EndProject
Global
	GlobalSection(SolutionConfigurationPlatforms) = preSolution
		Debug|Any CPU = Debug|Any CPU
		Release|Any CPU = Release|Any CPU
	EndGlobalSection
	GlobalSection(ProjectConfigurationPlatforms) = postSolution
		{3E408D9D-0703-4A3D-A837-19CE7CBE1AC6}.Debug|Any CPU.ActiveCfg = Debug|Any CPU
		{3E408D9D-0703-4A3D-A837-19CE7CBE1AC6}.Debug|Any CPU.Build.0 = Debug|Any CPU
		{3E408D9D-0703-4A3D-A837-19CE7CBE1AC6}.Release|Any CPU.ActiveCfg = Release|Any CPU
		{3E408D9D-0703-4A3D-A837-19CE7CBE1AC6}.Release|Any CPU.Build.0 = Release|Any CPU
		{66A6CB5A-54FD-468D-ACD8-1480BC9952E8}.Debug|Any CPU.ActiveCfg = Debug|Any CPU
		{66A6CB5A-54FD-468D-ACD8-1480BC9952E8}.Debug|Any CPU.Build.0 = Debug|Any CPU
		{66A6CB5A-54FD-468D-ACD8-1480BC9952E8}.Release|Any CPU.ActiveCfg = Release|Any CPU
		{66A6CB5A-54FD-468D-ACD8-1480BC9952E8}.Release|Any CPU.Build.0 = Release|Any CPU
	EndGlobalSection
	GlobalSection(SolutionProperties) = preSolution
		HideSolutionNode = FALSE
	EndGlobalSection
	GlobalSection(ExtensibilityGlobals) = postSolution
		SolutionGuid = {138578D5-35CD-40DD-B841-3709912D6B55}
	EndGlobalSection
EndGlobal
